
Microsoft Visual Studio Solution File, Format Version 12.00
# Visual Studio 15
VisualStudioVersion = 15.0.28307.421
MinimumVisualStudioVersion = 10.0.40219.1
Project("{FAE04EC0-301F-11D3-BF4B-00C04F79EFBC}") = "Test2.Android", "Test2\Test2.Android\Test2.Android.csproj", "{60A55808-7036-4A9C-BF55-B8AC80182348}"
EndProject
Project("{FAE04EC0-301F-11D3-BF4B-00C04F79EFBC}") = "Test2.iOS", "Test2\Test2.iOS\Test2.iOS.csproj", "{BCF000DA-74D0-47D7-A591-025588A7AE4E}"
EndProject
Project("{FAE04EC0-301F-11D3-BF4B-00C04F79EFBC}") = "Test2.UWP", "Test2\Test2.UWP\Test2.UWP.csproj", "{66D3C8E0-1967-4C59-AC7C-300488CDB1FB}"
EndProject
Project("{FAE04EC0-301F-11D3-BF4B-00C04F79EFBC}") = "Test2", "Test2\Test2\Test2.csproj", "{2ED918CF-4B29-4999-A06A-C677A804A4C6}"
EndProject
Global
	GlobalSection(SolutionConfigurationPlatforms) = preSolution
		Ad-Hoc|Any CPU = Ad-Hoc|Any CPU
		Ad-Hoc|ARM = Ad-Hoc|ARM
		Ad-Hoc|iPhone = Ad-Hoc|iPhone
		Ad-Hoc|iPhoneSimulator = Ad-Hoc|iPhoneSimulator
		Ad-Hoc|x64 = Ad-Hoc|x64
		Ad-Hoc|x86 = Ad-Hoc|x86
		AppStore|Any CPU = AppStore|Any CPU
		AppStore|ARM = AppStore|ARM
		AppStore|iPhone = AppStore|iPhone
		AppStore|iPhoneSimulator = AppStore|iPhoneSimulator
		AppStore|x64 = AppStore|x64
		AppStore|x86 = AppStore|x86
		Debug|Any CPU = Debug|Any CPU
		Debug|ARM = Debug|ARM
		Debug|iPhone = Debug|iPhone
		Debug|iPhoneSimulator = Debug|iPhoneSimulator
		Debug|x64 = Debug|x64
		Debug|x86 = Debug|x86
		Release|Any CPU = Release|Any CPU
		Release|ARM = Release|ARM
		Release|iPhone = Release|iPhone
		Release|iPhoneSimulator = Release|iPhoneSimulator
		Release|x64 = Release|x64
		Release|x86 = Release|x86
	EndGlobalSection
	GlobalSection(ProjectConfigurationPlatforms) = postSolution
		{60A55808-7036-4A9C-BF55-B8AC80182348}.Ad-Hoc|Any CPU.ActiveCfg = Release|Any CPU
		{60A55808-7036-4A9C-BF55-B8AC80182348}.Ad-Hoc|Any CPU.Build.0 = Release|Any CPU
		{60A55808-7036-4A9C-BF55-B8AC80182348}.Ad-Hoc|Any CPU.Deploy.0 = Release|Any CPU
		{60A55808-7036-4A9C-BF55-B8AC80182348}.Ad-Hoc|ARM.ActiveCfg = Release|Any CPU
		{60A55808-7036-4A9C-BF55-B8AC80182348}.Ad-Hoc|ARM.Build.0 = Release|Any CPU
		{60A55808-7036-4A9C-BF55-B8AC80182348}.Ad-Hoc|ARM.Deploy.0 = Release|Any CPU
		{60A55808-7036-4A9C-BF55-B8AC80182348}.Ad-Hoc|iPhone.ActiveCfg = Release|Any CPU
		{60A55808-7036-4A9C-BF55-B8AC80182348}.Ad-Hoc|iPhone.Build.0 = Release|Any CPU
		{60A55808-7036-4A9C-BF55-B8AC80182348}.Ad-Hoc|iPhone.Deploy.0 = Release|Any CPU
		{60A55808-7036-4A9C-BF55-B8AC80182348}.Ad-Hoc|iPhoneSimulator.ActiveCfg = Release|Any CPU
		{60A55808-7036-4A9C-BF55-B8AC80182348}.Ad-Hoc|iPhoneSimulator.Build.0 = Release|Any CPU
		{60A55808-7036-4A9C-BF55-B8AC80182348}.Ad-Hoc|iPhoneSimulator.Deploy.0 = Release|Any CPU
		{60A55808-7036-4A9C-BF55-B8AC80182348}.Ad-Hoc|x64.ActiveCfg = Release|Any CPU
		{60A55808-7036-4A9C-BF55-B8AC80182348}.Ad-Hoc|x64.Build.0 = Release|Any CPU
		{60A55808-7036-4A9C-BF55-B8AC80182348}.Ad-Hoc|x64.Deploy.0 = Release|Any CPU
		{60A55808-7036-4A9C-BF55-B8AC80182348}.Ad-Hoc|x86.ActiveCfg = Release|Any CPU
		{60A55808-7036-4A9C-BF55-B8AC80182348}.Ad-Hoc|x86.Build.0 = Release|Any CPU
		{60A55808-7036-4A9C-BF55-B8AC80182348}.Ad-Hoc|x86.Deploy.0 = Release|Any CPU
		{60A55808-7036-4A9C-BF55-B8AC80182348}.AppStore|Any CPU.ActiveCfg = Release|Any CPU
		{60A55808-7036-4A9C-BF55-B8AC80182348}.AppStore|Any CPU.Build.0 = Release|Any CPU
		{60A55808-7036-4A9C-BF55-B8AC80182348}.AppStore|Any CPU.Deploy.0 = Release|Any CPU
		{60A55808-7036-4A9C-BF55-B8AC80182348}.AppStore|ARM.ActiveCfg = Release|Any CPU
		{60A55808-7036-4A9C-BF55-B8AC80182348}.AppStore|ARM.Build.0 = Release|Any CPU
		{60A55808-7036-4A9C-BF55-B8AC80182348}.AppStore|ARM.Deploy.0 = Release|Any CPU
		{60A55808-7036-4A9C-BF55-B8AC80182348}.AppStore|iPhone.ActiveCfg = Release|Any CPU
		{60A55808-7036-4A9C-BF55-B8AC80182348}.AppStore|iPhone.Build.0 = Release|Any CPU
		{60A55808-7036-4A9C-BF55-B8AC80182348}.AppStore|iPhone.Deploy.0 = Release|Any CPU
		{60A55808-7036-4A9C-BF55-B8AC80182348}.AppStore|iPhoneSimulator.ActiveCfg = Release|Any CPU
		{60A55808-7036-4A9C-BF55-B8AC80182348}.AppStore|iPhoneSimulator.Build.0 = Release|Any CPU
		{60A55808-7036-4A9C-BF55-B8AC80182348}.AppStore|iPhoneSimulator.Deploy.0 = Release|Any CPU
		{60A55808-7036-4A9C-BF55-B8AC80182348}.AppStore|x64.ActiveCfg = Release|Any CPU
		{60A55808-7036-4A9C-BF55-B8AC80182348}.AppStore|x64.Build.0 = Release|Any CPU
		{60A55808-7036-4A9C-BF55-B8AC80182348}.AppStore|x64.Deploy.0 = Release|Any CPU
		{60A55808-7036-4A9C-BF55-B8AC80182348}.AppStore|x86.ActiveCfg = Release|Any CPU
		{60A55808-7036-4A9C-BF55-B8AC80182348}.AppStore|x86.Build.0 = Release|Any CPU
		{60A55808-7036-4A9C-BF55-B8AC80182348}.AppStore|x86.Deploy.0 = Release|Any CPU
		{60A55808-7036-4A9C-BF55-B8AC80182348}.Debug|Any CPU.ActiveCfg = Debug|Any CPU
		{60A55808-7036-4A9C-BF55-B8AC80182348}.Debug|Any CPU.Build.0 = Debug|Any CPU
		{60A55808-7036-4A9C-BF55-B8AC80182348}.Debug|Any CPU.Deploy.0 = Debug|Any CPU
		{60A55808-7036-4A9C-BF55-B8AC80182348}.Debug|ARM.ActiveCfg = Debug|Any CPU
		{60A55808-7036-4A9C-BF55-B8AC80182348}.Debug|ARM.Build.0 = Debug|Any CPU
		{60A55808-7036-4A9C-BF55-B8AC80182348}.Debug|ARM.Deploy.0 = Debug|Any CPU
		{60A55808-7036-4A9C-BF55-B8AC80182348}.Debug|iPhone.ActiveCfg = Debug|Any CPU
		{60A55808-7036-4A9C-BF55-B8AC80182348}.Debug|iPhone.Build.0 = Debug|Any CPU
		{60A55808-7036-4A9C-BF55-B8AC80182348}.Debug|iPhone.Deploy.0 = Debug|Any CPU
		{60A55808-7036-4A9C-BF55-B8AC80182348}.Debug|iPhoneSimulator.ActiveCfg = Debug|Any CPU
		{60A55808-7036-4A9C-BF55-B8AC80182348}.Debug|iPhoneSimulator.Build.0 = Debug|Any CPU
		{60A55808-7036-4A9C-BF55-B8AC80182348}.Debug|iPhoneSimulator.Deploy.0 = Debug|Any CPU
		{60A55808-7036-4A9C-BF55-B8AC80182348}.Debug|x64.ActiveCfg = Debug|Any CPU
		{60A55808-7036-4A9C-BF55-B8AC80182348}.Debug|x64.Build.0 = Debug|Any CPU
		{60A55808-7036-4A9C-BF55-B8AC80182348}.Debug|x64.Deploy.0 = Debug|Any CPU
		{60A55808-7036-4A9C-BF55-B8AC80182348}.Debug|x86.ActiveCfg = Debug|Any CPU
		{60A55808-7036-4A9C-BF55-B8AC80182348}.Debug|x86.Build.0 = Debug|Any CPU
		{60A55808-7036-4A9C-BF55-B8AC80182348}.Debug|x86.Deploy.0 = Debug|Any CPU
		{60A55808-7036-4A9C-BF55-B8AC80182348}.Release|Any CPU.ActiveCfg = Release|Any CPU
		{60A55808-7036-4A9C-BF55-B8AC80182348}.Release|Any CPU.Build.0 = Release|Any CPU
		{60A55808-7036-4A9C-BF55-B8AC80182348}.Release|Any CPU.Deploy.0 = Release|Any CPU
		{60A55808-7036-4A9C-BF55-B8AC80182348}.Release|ARM.ActiveCfg = Release|Any CPU
		{60A55808-7036-4A9C-BF55-B8AC80182348}.Release|ARM.Build.0 = Release|Any CPU
		{60A55808-7036-4A9C-BF55-B8AC80182348}.Release|ARM.Deploy.0 = Release|Any CPU
		{60A55808-7036-4A9C-BF55-B8AC80182348}.Release|iPhone.ActiveCfg = Release|Any CPU
		{60A55808-7036-4A9C-BF55-B8AC80182348}.Release|iPhone.Build.0 = Release|Any CPU
		{60A55808-7036-4A9C-BF55-B8AC80182348}.Release|iPhone.Deploy.0 = Release|Any CPU
		{60A55808-7036-4A9C-BF55-B8AC80182348}.Release|iPhoneSimulator.ActiveCfg = Release|Any CPU
		{60A55808-7036-4A9C-BF55-B8AC80182348}.Release|iPhoneSimulator.Build.0 = Release|Any CPU
		{60A55808-7036-4A9C-BF55-B8AC80182348}.Release|iPhoneSimulator.Deploy.0 = Release|Any CPU
		{60A55808-7036-4A9C-BF55-B8AC80182348}.Release|x64.ActiveCfg = Release|Any CPU
		{60A55808-7036-4A9C-BF55-B8AC80182348}.Release|x64.Build.0 = Release|Any CPU
		{60A55808-7036-4A9C-BF55-B8AC80182348}.Release|x64.Deploy.0 = Release|Any CPU
		{60A55808-7036-4A9C-BF55-B8AC80182348}.Release|x86.ActiveCfg = Release|Any CPU
		{60A55808-7036-4A9C-BF55-B8AC80182348}.Release|x86.Build.0 = Release|Any CPU
		{60A55808-7036-4A9C-BF55-B8AC80182348}.Release|x86.Deploy.0 = Release|Any CPU
		{BCF000DA-74D0-47D7-A591-025588A7AE4E}.Ad-Hoc|Any CPU.ActiveCfg = Ad-Hoc|iPhone
		{BCF000DA-74D0-47D7-A591-025588A7AE4E}.Ad-Hoc|Any CPU.Build.0 = Ad-Hoc|iPhone
		{BCF000DA-74D0-47D7-A591-025588A7AE4E}.Ad-Hoc|Any CPU.Deploy.0 = Ad-Hoc|iPhone
		{BCF000DA-74D0-47D7-A591-025588A7AE4E}.Ad-Hoc|ARM.ActiveCfg = Ad-Hoc|iPhone
		{BCF000DA-74D0-47D7-A591-025588A7AE4E}.Ad-Hoc|ARM.Build.0 = Ad-Hoc|iPhone
		{BCF000DA-74D0-47D7-A591-025588A7AE4E}.Ad-Hoc|ARM.Deploy.0 = Ad-Hoc|iPhone
		{BCF000DA-74D0-47D7-A591-025588A7AE4E}.Ad-Hoc|iPhone.ActiveCfg = Ad-Hoc|iPhone
		{BCF000DA-74D0-47D7-A591-025588A7AE4E}.Ad-Hoc|iPhone.Build.0 = Ad-Hoc|iPhone
		{BCF000DA-74D0-47D7-A591-025588A7AE4E}.Ad-Hoc|iPhone.Deploy.0 = Ad-Hoc|iPhone
		{BCF000DA-74D0-47D7-A591-025588A7AE4E}.Ad-Hoc|iPhoneSimulator.ActiveCfg = Ad-Hoc|iPhoneSimulator
		{BCF000DA-74D0-47D7-A591-025588A7AE4E}.Ad-Hoc|iPhoneSimulator.Build.0 = Ad-Hoc|iPhoneSimulator
		{BCF000DA-74D0-47D7-A591-025588A7AE4E}.Ad-Hoc|iPhoneSimulator.Deploy.0 = Ad-Hoc|iPhoneSimulator
		{BCF000DA-74D0-47D7-A591-025588A7AE4E}.Ad-Hoc|x64.ActiveCfg = Ad-Hoc|iPhone
		{BCF000DA-74D0-47D7-A591-025588A7AE4E}.Ad-Hoc|x64.Build.0 = Ad-Hoc|iPhone
		{BCF000DA-74D0-47D7-A591-025588A7AE4E}.Ad-Hoc|x64.Deploy.0 = Ad-Hoc|iPhone
		{BCF000DA-74D0-47D7-A591-025588A7AE4E}.Ad-Hoc|x86.ActiveCfg = Ad-Hoc|iPhone
		{BCF000DA-74D0-47D7-A591-025588A7AE4E}.Ad-Hoc|x86.Build.0 = Ad-Hoc|iPhone
		{BCF000DA-74D0-47D7-A591-025588A7AE4E}.Ad-Hoc|x86.Deploy.0 = Ad-Hoc|iPhone
		{BCF000DA-74D0-47D7-A591-025588A7AE4E}.AppStore|Any CPU.ActiveCfg = AppStore|iPhone
		{BCF000DA-74D0-47D7-A591-025588A7AE4E}.AppStore|Any CPU.Build.0 = AppStore|iPhone
		{BCF000DA-74D0-47D7-A591-025588A7AE4E}.AppStore|Any CPU.Deploy.0 = AppStore|iPhone
		{BCF000DA-74D0-47D7-A591-025588A7AE4E}.AppStore|ARM.ActiveCfg = AppStore|iPhone
		{BCF000DA-74D0-47D7-A591-025588A7AE4E}.AppStore|ARM.Build.0 = AppStore|iPhone
		{BCF000DA-74D0-47D7-A591-025588A7AE4E}.AppStore|ARM.Deploy.0 = AppStore|iPhone
		{BCF000DA-74D0-47D7-A591-025588A7AE4E}.AppStore|iPhone.ActiveCfg = AppStore|iPhone
		{BCF000DA-74D0-47D7-A591-025588A7AE4E}.AppStore|iPhone.Build.0 = AppStore|iPhone
		{BCF000DA-74D0-47D7-A591-025588A7AE4E}.AppStore|iPhone.Deploy.0 = AppStore|iPhone
		{BCF000DA-74D0-47D7-A591-025588A7AE4E}.AppStore|iPhoneSimulator.ActiveCfg = AppStore|iPhoneSimulator
		{BCF000DA-74D0-47D7-A591-025588A7AE4E}.AppStore|iPhoneSimulator.Build.0 = AppStore|iPhoneSimulator
		{BCF000DA-74D0-47D7-A591-025588A7AE4E}.AppStore|iPhoneSimulator.Deploy.0 = AppStore|iPhoneSimulator
		{BCF000DA-74D0-47D7-A591-025588A7AE4E}.AppStore|x64.ActiveCfg = AppStore|iPhone
		{BCF000DA-74D0-47D7-A591-025588A7AE4E}.AppStore|x64.Build.0 = AppStore|iPhone
		{BCF000DA-74D0-47D7-A591-025588A7AE4E}.AppStore|x64.Deploy.0 = AppStore|iPhone
		{BCF000DA-74D0-47D7-A591-025588A7AE4E}.AppStore|x86.ActiveCfg = AppStore|iPhone
		{BCF000DA-74D0-47D7-A591-025588A7AE4E}.AppStore|x86.Build.0 = AppStore|iPhone
		{BCF000DA-74D0-47D7-A591-025588A7AE4E}.AppStore|x86.Deploy.0 = AppStore|iPhone
		{BCF000DA-74D0-47D7-A591-025588A7AE4E}.Debug|Any CPU.ActiveCfg = Debug|iPhoneSimulator
		{BCF000DA-74D0-47D7-A591-025588A7AE4E}.Debug|Any CPU.Build.0 = Debug|iPhoneSimulator
		{BCF000DA-74D0-47D7-A591-025588A7AE4E}.Debug|Any CPU.Deploy.0 = Debug|iPhoneSimulator
		{BCF000DA-74D0-47D7-A591-025588A7AE4E}.Debug|ARM.ActiveCfg = Debug|iPhone
		{BCF000DA-74D0-47D7-A591-025588A7AE4E}.Debug|ARM.Build.0 = Debug|iPhone
		{BCF000DA-74D0-47D7-A591-025588A7AE4E}.Debug|ARM.Deploy.0 = Debug|iPhone
		{BCF000DA-74D0-47D7-A591-025588A7AE4E}.Debug|iPhone.ActiveCfg = Debug|iPhone
		{BCF000DA-74D0-47D7-A591-025588A7AE4E}.Debug|iPhone.Build.0 = Debug|iPhone
		{BCF000DA-74D0-47D7-A591-025588A7AE4E}.Debug|iPhone.Deploy.0 = Debug|iPhone
		{BCF000DA-74D0-47D7-A591-025588A7AE4E}.Debug|iPhoneSimulator.ActiveCfg = Debug|iPhoneSimulator
		{BCF000DA-74D0-47D7-A591-025588A7AE4E}.Debug|iPhoneSimulator.Build.0 = Debug|iPhoneSimulator
		{BCF000DA-74D0-47D7-A591-025588A7AE4E}.Debug|iPhoneSimulator.Deploy.0 = Debug|iPhoneSimulator
		{BCF000DA-74D0-47D7-A591-025588A7AE4E}.Debug|x64.ActiveCfg = Debug|iPhone
		{BCF000DA-74D0-47D7-A591-025588A7AE4E}.Debug|x64.Build.0 = Debug|iPhone
		{BCF000DA-74D0-47D7-A591-025588A7AE4E}.Debug|x64.Deploy.0 = Debug|iPhone
		{BCF000DA-74D0-47D7-A591-025588A7AE4E}.Debug|x86.ActiveCfg = Debug|iPhone
		{BCF000DA-74D0-47D7-A591-025588A7AE4E}.Debug|x86.Build.0 = Debug|iPhone
		{BCF000DA-74D0-47D7-A591-025588A7AE4E}.Debug|x86.Deploy.0 = Debug|iPhone
		{BCF000DA-74D0-47D7-A591-025588A7AE4E}.Release|Any CPU.ActiveCfg = Release|iPhone
		{BCF000DA-74D0-47D7-A591-025588A7AE4E}.Release|Any CPU.Build.0 = Release|iPhone
		{BCF000DA-74D0-47D7-A591-025588A7AE4E}.Release|Any CPU.Deploy.0 = Release|iPhone
		{BCF000DA-74D0-47D7-A591-025588A7AE4E}.Release|ARM.ActiveCfg = Release|iPhone
		{BCF000DA-74D0-47D7-A591-025588A7AE4E}.Release|ARM.Build.0 = Release|iPhone
		{BCF000DA-74D0-47D7-A591-025588A7AE4E}.Release|ARM.Deploy.0 = Release|iPhone
		{BCF000DA-74D0-47D7-A591-025588A7AE4E}.Release|iPhone.ActiveCfg = Release|iPhone
		{BCF000DA-74D0-47D7-A591-025588A7AE4E}.Release|iPhone.Build.0 = Release|iPhone
		{BCF000DA-74D0-47D7-A591-025588A7AE4E}.Release|iPhone.Deploy.0 = Release|iPhone
		{BCF000DA-74D0-47D7-A591-025588A7AE4E}.Release|iPhoneSimulator.ActiveCfg = Release|iPhoneSimulator
		{BCF000DA-74D0-47D7-A591-025588A7AE4E}.Release|iPhoneSimulator.Build.0 = Release|iPhoneSimulator
		{BCF000DA-74D0-47D7-A591-025588A7AE4E}.Release|iPhoneSimulator.Deploy.0 = Release|iPhoneSimulator
		{BCF000DA-74D0-47D7-A591-025588A7AE4E}.Release|x64.ActiveCfg = Release|iPhone
		{BCF000DA-74D0-47D7-A591-025588A7AE4E}.Release|x64.Build.0 = Release|iPhone
		{BCF000DA-74D0-47D7-A591-025588A7AE4E}.Release|x64.Deploy.0 = Release|iPhone
		{BCF000DA-74D0-47D7-A591-025588A7AE4E}.Release|x86.ActiveCfg = Release|iPhone
		{BCF000DA-74D0-47D7-A591-025588A7AE4E}.Release|x86.Build.0 = Release|iPhone
		{BCF000DA-74D0-47D7-A591-025588A7AE4E}.Release|x86.Deploy.0 = Release|iPhone
		{66D3C8E0-1967-4C59-AC7C-300488CDB1FB}.Ad-Hoc|Any CPU.ActiveCfg = Release|x86
		{66D3C8E0-1967-4C59-AC7C-300488CDB1FB}.Ad-Hoc|Any CPU.Build.0 = Release|x86
		{66D3C8E0-1967-4C59-AC7C-300488CDB1FB}.Ad-Hoc|Any CPU.Deploy.0 = Release|x86
		{66D3C8E0-1967-4C59-AC7C-300488CDB1FB}.Ad-Hoc|ARM.ActiveCfg = Release|ARM
		{66D3C8E0-1967-4C59-AC7C-300488CDB1FB}.Ad-Hoc|ARM.Build.0 = Release|ARM
		{66D3C8E0-1967-4C59-AC7C-300488CDB1FB}.Ad-Hoc|ARM.Deploy.0 = Release|ARM
		{66D3C8E0-1967-4C59-AC7C-300488CDB1FB}.Ad-Hoc|iPhone.ActiveCfg = Release|x86
		{66D3C8E0-1967-4C59-AC7C-300488CDB1FB}.Ad-Hoc|iPhone.Build.0 = Release|x86
		{66D3C8E0-1967-4C59-AC7C-300488CDB1FB}.Ad-Hoc|iPhone.Deploy.0 = Release|x86
		{66D3C8E0-1967-4C59-AC7C-300488CDB1FB}.Ad-Hoc|iPhoneSimulator.ActiveCfg = Release|x86
		{66D3C8E0-1967-4C59-AC7C-300488CDB1FB}.Ad-Hoc|iPhoneSimulator.Build.0 = Release|x86
		{66D3C8E0-1967-4C59-AC7C-300488CDB1FB}.Ad-Hoc|iPhoneSimulator.Deploy.0 = Release|x86
		{66D3C8E0-1967-4C59-AC7C-300488CDB1FB}.Ad-Hoc|x64.ActiveCfg = Release|x64
		{66D3C8E0-1967-4C59-AC7C-300488CDB1FB}.Ad-Hoc|x64.Build.0 = Release|x64
		{66D3C8E0-1967-4C59-AC7C-300488CDB1FB}.Ad-Hoc|x64.Deploy.0 = Release|x64
		{66D3C8E0-1967-4C59-AC7C-300488CDB1FB}.Ad-Hoc|x86.ActiveCfg = Release|x86
		{66D3C8E0-1967-4C59-AC7C-300488CDB1FB}.Ad-Hoc|x86.Build.0 = Release|x86
		{66D3C8E0-1967-4C59-AC7C-300488CDB1FB}.Ad-Hoc|x86.Deploy.0 = Release|x86
		{66D3C8E0-1967-4C59-AC7C-300488CDB1FB}.AppStore|Any CPU.ActiveCfg = Release|x86
		{66D3C8E0-1967-4C59-AC7C-300488CDB1FB}.AppStore|Any CPU.Build.0 = Release|x86
		{66D3C8E0-1967-4C59-AC7C-300488CDB1FB}.AppStore|Any CPU.Deploy.0 = Release|x86
		{66D3C8E0-1967-4C59-AC7C-300488CDB1FB}.AppStore|ARM.ActiveCfg = Release|ARM
		{66D3C8E0-1967-4C59-AC7C-300488CDB1FB}.AppStore|ARM.Build.0 = Release|ARM
		{66D3C8E0-1967-4C59-AC7C-300488CDB1FB}.AppStore|ARM.Deploy.0 = Release|ARM
		{66D3C8E0-1967-4C59-AC7C-300488CDB1FB}.AppStore|iPhone.ActiveCfg = Release|x86
		{66D3C8E0-1967-4C59-AC7C-300488CDB1FB}.AppStore|iPhone.Build.0 = Release|x86
		{66D3C8E0-1967-4C59-AC7C-300488CDB1FB}.AppStore|iPhone.Deploy.0 = Release|x86
		{66D3C8E0-1967-4C59-AC7C-300488CDB1FB}.AppStore|iPhoneSimulator.ActiveCfg = Release|x86
		{66D3C8E0-1967-4C59-AC7C-300488CDB1FB}.AppStore|iPhoneSimulator.Build.0 = Release|x86
		{66D3C8E0-1967-4C59-AC7C-300488CDB1FB}.AppStore|iPhoneSimulator.Deploy.0 = Release|x86
		{66D3C8E0-1967-4C59-AC7C-300488CDB1FB}.AppStore|x64.ActiveCfg = Release|x64
		{66D3C8E0-1967-4C59-AC7C-300488CDB1FB}.AppStore|x64.Build.0 = Release|x64
		{66D3C8E0-1967-4C59-AC7C-300488CDB1FB}.AppStore|x64.Deploy.0 = Release|x64
		{66D3C8E0-1967-4C59-AC7C-300488CDB1FB}.AppStore|x86.ActiveCfg = Release|x86
		{66D3C8E0-1967-4C59-AC7C-300488CDB1FB}.AppStore|x86.Build.0 = Release|x86
		{66D3C8E0-1967-4C59-AC7C-300488CDB1FB}.AppStore|x86.Deploy.0 = Release|x86
		{66D3C8E0-1967-4C59-AC7C-300488CDB1FB}.Debug|Any CPU.ActiveCfg = Debug|x86
		{66D3C8E0-1967-4C59-AC7C-300488CDB1FB}.Debug|Any CPU.Build.0 = Debug|x86
		{66D3C8E0-1967-4C59-AC7C-300488CDB1FB}.Debug|Any CPU.Deploy.0 = Debug|x86
		{66D3C8E0-1967-4C59-AC7C-300488CDB1FB}.Debug|ARM.ActiveCfg = Debug|ARM
		{66D3C8E0-1967-4C59-AC7C-300488CDB1FB}.Debug|ARM.Build.0 = Debug|ARM
		{66D3C8E0-1967-4C59-AC7C-300488CDB1FB}.Debug|ARM.Deploy.0 = Debug|ARM
		{66D3C8E0-1967-4C59-AC7C-300488CDB1FB}.Debug|iPhone.ActiveCfg = Debug|x86
		{66D3C8E0-1967-4C59-AC7C-300488CDB1FB}.Debug|iPhone.Build.0 = Debug|x86
		{66D3C8E0-1967-4C59-AC7C-300488CDB1FB}.Debug|iPhone.Deploy.0 = Debug|x86
		{66D3C8E0-1967-4C59-AC7C-300488CDB1FB}.Debug|iPhoneSimulator.ActiveCfg = Debug|x86
		{66D3C8E0-1967-4C59-AC7C-300488CDB1FB}.Debug|iPhoneSimulator.Build.0 = Debug|x86
		{66D3C8E0-1967-4C59-AC7C-300488CDB1FB}.Debug|iPhoneSimulator.Deploy.0 = Debug|x86
		{66D3C8E0-1967-4C59-AC7C-300488CDB1FB}.Debug|x64.ActiveCfg = Debug|x64
		{66D3C8E0-1967-4C59-AC7C-300488CDB1FB}.Debug|x64.Build.0 = Debug|x64
		{66D3C8E0-1967-4C59-AC7C-300488CDB1FB}.Debug|x64.Deploy.0 = Debug|x64
		{66D3C8E0-1967-4C59-AC7C-300488CDB1FB}.Debug|x86.ActiveCfg = Debug|x86
		{66D3C8E0-1967-4C59-AC7C-300488CDB1FB}.Debug|x86.Build.0 = Debug|x86
		{66D3C8E0-1967-4C59-AC7C-300488CDB1FB}.Debug|x86.Deploy.0 = Debug|x86
		{66D3C8E0-1967-4C59-AC7C-300488CDB1FB}.Release|Any CPU.ActiveCfg = Release|x86
		{66D3C8E0-1967-4C59-AC7C-300488CDB1FB}.Release|Any CPU.Build.0 = Release|x86
		{66D3C8E0-1967-4C59-AC7C-300488CDB1FB}.Release|Any CPU.Deploy.0 = Release|x86
		{66D3C8E0-1967-4C59-AC7C-300488CDB1FB}.Release|ARM.ActiveCfg = Release|ARM
		{66D3C8E0-1967-4C59-AC7C-300488CDB1FB}.Release|ARM.Build.0 = Release|ARM
		{66D3C8E0-1967-4C59-AC7C-300488CDB1FB}.Release|ARM.Deploy.0 = Release|ARM
		{66D3C8E0-1967-4C59-AC7C-300488CDB1FB}.Release|iPhone.ActiveCfg = Release|x86
		{66D3C8E0-1967-4C59-AC7C-300488CDB1FB}.Release|iPhone.Build.0 = Release|x86
		{66D3C8E0-1967-4C59-AC7C-300488CDB1FB}.Release|iPhone.Deploy.0 = Release|x86
		{66D3C8E0-1967-4C59-AC7C-300488CDB1FB}.Release|iPhoneSimulator.ActiveCfg = Release|x86
		{66D3C8E0-1967-4C59-AC7C-300488CDB1FB}.Release|iPhoneSimulator.Build.0 = Release|x86
		{66D3C8E0-1967-4C59-AC7C-300488CDB1FB}.Release|iPhoneSimulator.Deploy.0 = Release|x86
		{66D3C8E0-1967-4C59-AC7C-300488CDB1FB}.Release|x64.ActiveCfg = Release|x64
		{66D3C8E0-1967-4C59-AC7C-300488CDB1FB}.Release|x64.Build.0 = Release|x64
		{66D3C8E0-1967-4C59-AC7C-300488CDB1FB}.Release|x64.Deploy.0 = Release|x64
		{66D3C8E0-1967-4C59-AC7C-300488CDB1FB}.Release|x86.ActiveCfg = Release|x86
		{66D3C8E0-1967-4C59-AC7C-300488CDB1FB}.Release|x86.Build.0 = Release|x86
		{66D3C8E0-1967-4C59-AC7C-300488CDB1FB}.Release|x86.Deploy.0 = Release|x86
		{2ED918CF-4B29-4999-A06A-C677A804A4C6}.Ad-Hoc|Any CPU.ActiveCfg = Debug|Any CPU
		{2ED918CF-4B29-4999-A06A-C677A804A4C6}.Ad-Hoc|Any CPU.Build.0 = Debug|Any CPU
		{2ED918CF-4B29-4999-A06A-C677A804A4C6}.Ad-Hoc|Any CPU.Deploy.0 = Debug|Any CPU
		{2ED918CF-4B29-4999-A06A-C677A804A4C6}.Ad-Hoc|ARM.ActiveCfg = Debug|Any CPU
		{2ED918CF-4B29-4999-A06A-C677A804A4C6}.Ad-Hoc|ARM.Build.0 = Debug|Any CPU
		{2ED918CF-4B29-4999-A06A-C677A804A4C6}.Ad-Hoc|ARM.Deploy.0 = Debug|Any CPU
		{2ED918CF-4B29-4999-A06A-C677A804A4C6}.Ad-Hoc|iPhone.ActiveCfg = Debug|Any CPU
		{2ED918CF-4B29-4999-A06A-C677A804A4C6}.Ad-Hoc|iPhone.Build.0 = Debug|Any CPU
		{2ED918CF-4B29-4999-A06A-C677A804A4C6}.Ad-Hoc|iPhone.Deploy.0 = Debug|Any CPU
		{2ED918CF-4B29-4999-A06A-C677A804A4C6}.Ad-Hoc|iPhoneSimulator.ActiveCfg = Debug|Any CPU
		{2ED918CF-4B29-4999-A06A-C677A804A4C6}.Ad-Hoc|iPhoneSimulator.Build.0 = Debug|Any CPU
		{2ED918CF-4B29-4999-A06A-C677A804A4C6}.Ad-Hoc|iPhoneSimulator.Deploy.0 = Debug|Any CPU
		{2ED918CF-4B29-4999-A06A-C677A804A4C6}.Ad-Hoc|x64.ActiveCfg = Debug|Any CPU
		{2ED918CF-4B29-4999-A06A-C677A804A4C6}.Ad-Hoc|x64.Build.0 = Debug|Any CPU
		{2ED918CF-4B29-4999-A06A-C677A804A4C6}.Ad-Hoc|x64.Deploy.0 = Debug|Any CPU
		{2ED918CF-4B29-4999-A06A-C677A804A4C6}.Ad-Hoc|x86.ActiveCfg = Debug|Any CPU
		{2ED918CF-4B29-4999-A06A-C677A804A4C6}.Ad-Hoc|x86.Build.0 = Debug|Any CPU
		{2ED918CF-4B29-4999-A06A-C677A804A4C6}.Ad-Hoc|x86.Deploy.0 = Debug|Any CPU
		{2ED918CF-4B29-4999-A06A-C677A804A4C6}.AppStore|Any CPU.ActiveCfg = Debug|Any CPU
		{2ED918CF-4B29-4999-A06A-C677A804A4C6}.AppStore|Any CPU.Build.0 = Debug|Any CPU
		{2ED918CF-4B29-4999-A06A-C677A804A4C6}.AppStore|Any CPU.Deploy.0 = Debug|Any CPU
		{2ED918CF-4B29-4999-A06A-C677A804A4C6}.AppStore|ARM.ActiveCfg = Debug|Any CPU
		{2ED918CF-4B29-4999-A06A-C677A804A4C6}.AppStore|ARM.Build.0 = Debug|Any CPU
		{2ED918CF-4B29-4999-A06A-C677A804A4C6}.AppStore|ARM.Deploy.0 = Debug|Any CPU
		{2ED918CF-4B29-4999-A06A-C677A804A4C6}.AppStore|iPhone.ActiveCfg = Debug|Any CPU
		{2ED918CF-4B29-4999-A06A-C677A804A4C6}.AppStore|iPhone.Build.0 = Debug|Any CPU
		{2ED918CF-4B29-4999-A06A-C677A804A4C6}.AppStore|iPhone.Deploy.0 = Debug|Any CPU
		{2ED918CF-4B29-4999-A06A-C677A804A4C6}.AppStore|iPhoneSimulator.ActiveCfg = Debug|Any CPU
		{2ED918CF-4B29-4999-A06A-C677A804A4C6}.AppStore|iPhoneSimulator.Build.0 = Debug|Any CPU
		{2ED918CF-4B29-4999-A06A-C677A804A4C6}.AppStore|iPhoneSimulator.Deploy.0 = Debug|Any CPU
		{2ED918CF-4B29-4999-A06A-C677A804A4C6}.AppStore|x64.ActiveCfg = Debug|Any CPU
		{2ED918CF-4B29-4999-A06A-C677A804A4C6}.AppStore|x64.Build.0 = Debug|Any CPU
		{2ED918CF-4B29-4999-A06A-C677A804A4C6}.AppStore|x64.Deploy.0 = Debug|Any CPU
		{2ED918CF-4B29-4999-A06A-C677A804A4C6}.AppStore|x86.ActiveCfg = Debug|Any CPU
		{2ED918CF-4B29-4999-A06A-C677A804A4C6}.AppStore|x86.Build.0 = Debug|Any CPU
		{2ED918CF-4B29-4999-A06A-C677A804A4C6}.AppStore|x86.Deploy.0 = Debug|Any CPU
		{2ED918CF-4B29-4999-A06A-C677A804A4C6}.Debug|Any CPU.ActiveCfg = Debug|Any CPU
		{2ED918CF-4B29-4999-A06A-C677A804A4C6}.Debug|Any CPU.Build.0 = Debug|Any CPU
		{2ED918CF-4B29-4999-A06A-C677A804A4C6}.Debug|Any CPU.Deploy.0 = Debug|Any CPU
		{2ED918CF-4B29-4999-A06A-C677A804A4C6}.Debug|ARM.ActiveCfg = Debug|Any CPU
		{2ED918CF-4B29-4999-A06A-C677A804A4C6}.Debug|ARM.Build.0 = Debug|Any CPU
		{2ED918CF-4B29-4999-A06A-C677A804A4C6}.Debug|ARM.Deploy.0 = Debug|Any CPU
		{2ED918CF-4B29-4999-A06A-C677A804A4C6}.Debug|iPhone.ActiveCfg = Debug|Any CPU
		{2ED918CF-4B29-4999-A06A-C677A804A4C6}.Debug|iPhone.Build.0 = Debug|Any CPU
		{2ED918CF-4B29-4999-A06A-C677A804A4C6}.Debug|iPhone.Deploy.0 = Debug|Any CPU
		{2ED918CF-4B29-4999-A06A-C677A804A4C6}.Debug|iPhoneSimulator.ActiveCfg = Debug|Any CPU
		{2ED918CF-4B29-4999-A06A-C677A804A4C6}.Debug|iPhoneSimulator.Build.0 = Debug|Any CPU
		{2ED918CF-4B29-4999-A06A-C677A804A4C6}.Debug|iPhoneSimulator.Deploy.0 = Debug|Any CPU
		{2ED918CF-4B29-4999-A06A-C677A804A4C6}.Debug|x64.ActiveCfg = Debug|Any CPU
		{2ED918CF-4B29-4999-A06A-C677A804A4C6}.Debug|x64.Build.0 = Debug|Any CPU
		{2ED918CF-4B29-4999-A06A-C677A804A4C6}.Debug|x64.Deploy.0 = Debug|Any CPU
		{2ED918CF-4B29-4999-A06A-C677A804A4C6}.Debug|x86.ActiveCfg = Debug|Any CPU
		{2ED918CF-4B29-4999-A06A-C677A804A4C6}.Debug|x86.Build.0 = Debug|Any CPU
		{2ED918CF-4B29-4999-A06A-C677A804A4C6}.Debug|x86.Deploy.0 = Debug|Any CPU
		{2ED918CF-4B29-4999-A06A-C677A804A4C6}.Release|Any CPU.ActiveCfg = Release|Any CPU
		{2ED918CF-4B29-4999-A06A-C677A804A4C6}.Release|Any CPU.Build.0 = Release|Any CPU
		{2ED918CF-4B29-4999-A06A-C677A804A4C6}.Release|Any CPU.Deploy.0 = Release|Any CPU
		{2ED918CF-4B29-4999-A06A-C677A804A4C6}.Release|ARM.ActiveCfg = Release|Any CPU
		{2ED918CF-4B29-4999-A06A-C677A804A4C6}.Release|ARM.Build.0 = Release|Any CPU
		{2ED918CF-4B29-4999-A06A-C677A804A4C6}.Release|ARM.Deploy.0 = Release|Any CPU
		{2ED918CF-4B29-4999-A06A-C677A804A4C6}.Release|iPhone.ActiveCfg = Release|Any CPU
		{2ED918CF-4B29-4999-A06A-C677A804A4C6}.Release|iPhone.Build.0 = Release|Any CPU
		{2ED918CF-4B29-4999-A06A-C677A804A4C6}.Release|iPhone.Deploy.0 = Release|Any CPU
		{2ED918CF-4B29-4999-A06A-C677A804A4C6}.Release|iPhoneSimulator.ActiveCfg = Release|Any CPU
		{2ED918CF-4B29-4999-A06A-C677A804A4C6}.Release|iPhoneSimulator.Build.0 = Release|Any CPU
		{2ED918CF-4B29-4999-A06A-C677A804A4C6}.Release|iPhoneSimulator.Deploy.0 = Release|Any CPU
		{2ED918CF-4B29-4999-A06A-C677A804A4C6}.Release|x64.ActiveCfg = Release|Any CPU
		{2ED918CF-4B29-4999-A06A-C677A804A4C6}.Release|x64.Build.0 = Release|Any CPU
		{2ED918CF-4B29-4999-A06A-C677A804A4C6}.Release|x64.Deploy.0 = Release|Any CPU
		{2ED918CF-4B29-4999-A06A-C677A804A4C6}.Release|x86.ActiveCfg = Release|Any CPU
		{2ED918CF-4B29-4999-A06A-C677A804A4C6}.Release|x86.Build.0 = Release|Any CPU
		{2ED918CF-4B29-4999-A06A-C677A804A4C6}.Release|x86.Deploy.0 = Release|Any CPU
	EndGlobalSection
	GlobalSection(SolutionProperties) = preSolution
		HideSolutionNode = FALSE
	EndGlobalSection
	GlobalSection(ExtensibilityGlobals) = postSolution
		SolutionGuid = {866B0610-64F9-4517-8EFB-B1D09CC6AEE4}
	EndGlobalSection
EndGlobal
